PODS:
  - KeyHolder (3.0.1):
    - Magnet (~> 2.3)
  - Magnet (2.3.1)
  - Sparkle (1.21.2)

DEPENDENCIES:
  - KeyHolder
  - Magnet
  - Sparkle

SPEC REPOS:
  trunk:
    - KeyHolder
    - Magnet
    - Sparkle

SPEC CHECKSUMS:
  KeyHolder: 142932db4eac7420b003e2eae94c9a61b8b53cb1
  Magnet: f8dac2ffc845ffe68b2dd21c68a801f866f4a098
  Sparkle: 1678d4707e7665960c7d1b43aca125e6392d11c4

PODFILE CHECKSUM: 0cd4a7bf5703663d2ccbc9ecd1b2e0285715edaa

COCOAPODS: 1.8.4
