PODS:
  - KeyHolder (3.0.1):
    - Magnet (~> 2.3)
  - Magnet (2.3.1)
  - Sparkle (1.22.0)

DEPENDENCIES:
  - KeyHolder (from `https://github.com/kyu-suke/KeyHolder`, branch `add_eisu_kana`)
  - Magnet
  - Sparkle

SPEC REPOS:
  trunk:
    - Magnet
    - Sparkle

EXTERNAL SOURCES:
  KeyHolder:
    :branch: add_eisu_kana
    :git: https://github.com/kyu-suke/KeyHolder

CHECKOUT OPTIONS:
  KeyHolder:
    :commit: 55532f6b92865d97e6a71bc42f7d490bb841e54c
    :git: https://github.com/kyu-suke/KeyHolder

SPEC CHECKSUMS:
  KeyHolder: 142932db4eac7420b003e2eae94c9a61b8b53cb1
  Magnet: f8dac2ffc845ffe68b2dd21c68a801f866f4a098
  Sparkle: 593ac2e677c07bcb6c3b22d621240e7cbedaab57

PODFILE CHECKSUM: 694e59049ac3528b25b2d249a9e1b999e7f0add0

COCOAPODS: 1.10.1
