PODS:
  - FlutterMacOS (1.0.0)
  - FMDB (2.7.5):
    - FMDB/standard (= 2.7.5)
  - FMDB/standard (2.7.5)
  - hotkey_holder (0.0.1):
    - FlutterMacOS
    - Magnet
  - Magnet (3.3.0):
    - Sauce (~> 2.2.0)
  - magnetica (0.0.1):
    - FlutterMacOS
    - Magnet
  - Sauce (2.2.0)
  - sqflite (0.0.2):
    - FlutterMacOS
    - FMDB (>= 2.7.5)
  - system_tray (0.0.1):
    - FlutterMacOS
  - tray_manager (0.0.1):
    - FlutterMacOS
  - window_manager (0.1.0):
    - FlutterMacOS

DEPENDENCIES:
  - FlutterMacOS (from `Flutter/ephemeral`)
  - hotkey_holder (from `Flutter/ephemeral/.symlinks/plugins/hotkey_holder/macos`)
  - magnetica (from `Flutter/ephemeral/.symlinks/plugins/magnetica/macos`)
  - sqflite (from `Flutter/ephemeral/.symlinks/plugins/sqflite/macos`)
  - system_tray (from `Flutter/ephemeral/.symlinks/plugins/system_tray/macos`)
  - tray_manager (from `Flutter/ephemeral/.symlinks/plugins/tray_manager/macos`)
  - window_manager (from `Flutter/ephemeral/.symlinks/plugins/window_manager/macos`)

SPEC REPOS:
  trunk:
    - FMDB
    - Magnet
    - Sauce

EXTERNAL SOURCES:
  FlutterMacOS:
    :path: Flutter/ephemeral
  hotkey_holder:
    :path: Flutter/ephemeral/.symlinks/plugins/hotkey_holder/macos
  magnetica:
    :path: Flutter/ephemeral/.symlinks/plugins/magnetica/macos
  sqflite:
    :path: Flutter/ephemeral/.symlinks/plugins/sqflite/macos
  system_tray:
    :path: Flutter/ephemeral/.symlinks/plugins/system_tray/macos
  tray_manager:
    :path: Flutter/ephemeral/.symlinks/plugins/tray_manager/macos
  window_manager:
    :path: Flutter/ephemeral/.symlinks/plugins/window_manager/macos

SPEC CHECKSUMS:
  FlutterMacOS: 57701585bf7de1b3fc2bb61f6378d73bbdea8424
  FMDB: 2ce00b547f966261cd18927a3ddb07cb6f3db82a
  hotkey_holder: c7cf78002b8140c077f1b1786c35b6871171df74
  Magnet: a44a5a14eecc77433cbaad1431b78f7d20725bf2
  magnetica: c5942312396c5d994096362c99b9bb4599d1027b
  Sauce: 3ade51738563f86b08888cf4b91ae5943012088b
  sqflite: a5789cceda41d54d23f31d6de539d65bb14100ea
  system_tray: e53c972838c69589ff2e77d6d3abfd71332f9e5d
  tray_manager: 9064e219c56d75c476e46b9a21182087930baf90
  window_manager: db713621c322d52e96064336a4ba2b7e4e30c94f

PODFILE CHECKSUM: 6eac6b3292e5142cfc23bdeb71848a40ec51c14c

COCOAPODS: 1.11.2
