// !$*UTF8*$!
{
	archiveVersion = 1;
	classes = {
	};
	objectVersion = 50;
	objects = {

/* Begin PBXBuildFile section */
		045EDC0921A1B0AF00B6D9A5 /* AppDelegate.swift in Sources */ = {isa = PBXBuildFile; fileRef = 045EDC0821A1B0AF00B6D9A5 /* AppDelegate.swift */; };
		045EDC0D21A1B0B000B6D9A5 /* Assets.xcassets in Resources */ = {isa = PBXBuildFile; fileRef = 045EDC0C21A1B0B000B6D9A5 /* Assets.xcassets */; };
		045EDC1021A1B0B000B6D9A5 /* Main.storyboard in Resources */ = {isa = PBXBuildFile; fileRef = 045EDC0E21A1B0B000B6D9A5 /* Main.storyboard */; };
		045EDC1C21A1B0B000B6D9A5 /* switchsoulmonarchTests.swift in Sources */ = {isa = PBXBuildFile; fileRef = 045EDC1B21A1B0B000B6D9A5 /* switchsoulmonarchTests.swift */; };
		045EDC2721A1B0B000B6D9A5 /* switchsoulmonarchUITests.swift in Sources */ = {isa = PBXBuildFile; fileRef = 045EDC2621A1B0B000B6D9A5 /* switchsoulmonarchUITests.swift */; };
		045EDC3521A1B21C00B6D9A5 /* MenuItemUtil.swift in Sources */ = {isa = PBXBuildFile; fileRef = 045EDC3421A1B21C00B6D9A5 /* MenuItemUtil.swift */; };
		04C7EF8621A1C4BA004F11F4 /* PreferencesViewController.swift in Sources */ = {isa = PBXBuildFile; fileRef = 04C7EF8521A1C4BA004F11F4 /* PreferencesViewController.swift */; };
		88C20F7789A3034EB0974052 /* Pods_switchsoulmonarchUITests.framework in Frameworks */ = {isa = PBXBuildFile; fileRef = FCA7323C28A8A8FA53636714 /* Pods_switchsoulmonarchUITests.framework */; };
		8B409890F902C73C4B445D28 /* Pods_switchsoulmonarchTests.framework in Frameworks */ = {isa = PBXBuildFile; fileRef = 4ACD78C45A0981D9730CD24B /* Pods_switchsoulmonarchTests.framework */; };
		BA1B48F921A6929D0076DF66 /* PreferencesWindowController.xib in Resources */ = {isa = PBXBuildFile; fileRef = BA1B48F721A6929D0076DF66 /* PreferencesWindowController.xib */; };
		BA34948A21CA2AC000C1184D /* SettingApps.swift in Sources */ = {isa = PBXBuildFile; fileRef = BA34948921CA2AC000C1184D /* SettingApps.swift */; };
		BA4B066D21C754A200AFAE65 /* AppTextField.swift in Sources */ = {isa = PBXBuildFile; fileRef = BA4B066C21C754A200AFAE65 /* AppTextField.swift */; };
		BA4B066F21C7898400AFAE65 /* AppSet.swift in Sources */ = {isa = PBXBuildFile; fileRef = BA4B066E21C7898400AFAE65 /* AppSet.swift */; };
		D6DA2E98D59E1D677B000A68 /* Pods_switchsoulmonarch.framework in Frameworks */ = {isa = PBXBuildFile; fileRef = ADF8F2CBAA42D1DF185581A3 /* Pods_switchsoulmonarch.framework */; };
/* End PBXBuildFile section */

/* Begin PBXContainerItemProxy section */
		045EDC1821A1B0B000B6D9A5 /* PBXContainerItemProxy */ = {
			isa = PBXContainerItemProxy;
			containerPortal = 045EDBFD21A1B0AF00B6D9A5 /* Project object */;
			proxyType = 1;
			remoteGlobalIDString = 045EDC0421A1B0AF00B6D9A5;
			remoteInfo = switchsoulmonarch;
		};
		045EDC2321A1B0B000B6D9A5 /* PBXContainerItemProxy */ = {
			isa = PBXContainerItemProxy;
			containerPortal = 045EDBFD21A1B0AF00B6D9A5 /* Project object */;
			proxyType = 1;
			remoteGlobalIDString = 045EDC0421A1B0AF00B6D9A5;
			remoteInfo = switchsoulmonarch;
		};
/* End PBXContainerItemProxy section */

/* Begin PBXFileReference section */
		045EDC0521A1B0AF00B6D9A5 /* switchsoulmonarch.app */ = {isa = PBXFileReference; explicitFileType = wrapper.application; includeInIndex = 0; path = switchsoulmonarch.app; sourceTree = BUILT_PRODUCTS_DIR; };
		045EDC0821A1B0AF00B6D9A5 /* AppDelegate.swift */ = {isa = PBXFileReference; lastKnownFileType = sourcecode.swift; path = AppDelegate.swift; sourceTree = "<group>"; };
		045EDC0C21A1B0B000B6D9A5 /* Assets.xcassets */ = {isa = PBXFileReference; lastKnownFileType = folder.assetcatalog; path = Assets.xcassets; sourceTree = "<group>"; };
		045EDC0F21A1B0B000B6D9A5 /* Base */ = {isa = PBXFileReference; lastKnownFileType = file.storyboard; name = Base; path = Base.lproj/Main.storyboard; sourceTree = "<group>"; };
		045EDC1121A1B0B000B6D9A5 /* Info.plist */ = {isa = PBXFileReference; lastKnownFileType = text.plist.xml; path = Info.plist; sourceTree = "<group>"; };
		045EDC1221A1B0B000B6D9A5 /* switchsoulmonarch.entitlements */ = {isa = PBXFileReference; lastKnownFileType = text.plist.entitlements; path = switchsoulmonarch.entitlements; sourceTree = "<group>"; };
		045EDC1721A1B0B000B6D9A5 /* switchsoulmonarchTests.xctest */ = {isa = PBXFileReference; explicitFileType = wrapper.cfbundle; includeInIndex = 0; path = switchsoulmonarchTests.xctest; sourceTree = BUILT_PRODUCTS_DIR; };
		045EDC1B21A1B0B000B6D9A5 /* switchsoulmonarchTests.swift */ = {isa = PBXFileReference; lastKnownFileType = sourcecode.swift; path = switchsoulmonarchTests.swift; sourceTree = "<group>"; };
		045EDC1D21A1B0B000B6D9A5 /* Info.plist */ = {isa = PBXFileReference; lastKnownFileType = text.plist.xml; path = Info.plist; sourceTree = "<group>"; };
		045EDC2221A1B0B000B6D9A5 /* switchsoulmonarchUITests.xctest */ = {isa = PBXFileReference; explicitFileType = wrapper.cfbundle; includeInIndex = 0; path = switchsoulmonarchUITests.xctest; sourceTree = BUILT_PRODUCTS_DIR; };
		045EDC2621A1B0B000B6D9A5 /* switchsoulmonarchUITests.swift */ = {isa = PBXFileReference; lastKnownFileType = sourcecode.swift; path = switchsoulmonarchUITests.swift; sourceTree = "<group>"; };
		045EDC2821A1B0B000B6D9A5 /* Info.plist */ = {isa = PBXFileReference; lastKnownFileType = text.plist.xml; path = Info.plist; sourceTree = "<group>"; };
		045EDC3421A1B21C00B6D9A5 /* MenuItemUtil.swift */ = {isa = PBXFileReference; lastKnownFileType = sourcecode.swift; path = MenuItemUtil.swift; sourceTree = "<group>"; };
		04C7EF8521A1C4BA004F11F4 /* PreferencesViewController.swift */ = {isa = PBXFileReference; lastKnownFileType = sourcecode.swift; path = PreferencesViewController.swift; sourceTree = "<group>"; };
		14F990C21A3109A92256A6D4 /* Pods-switchsoulmonarchUITests.debug.xcconfig */ = {isa = PBXFileReference; includeInIndex = 1; lastKnownFileType = text.xcconfig; name = "Pods-switchsoulmonarchUITests.debug.xcconfig"; path = "Pods/Target Support Files/Pods-switchsoulmonarchUITests/Pods-switchsoulmonarchUITests.debug.xcconfig"; sourceTree = "<group>"; };
		3FDEA819F2C36A4F8B9C84E6 /* Pods-switchsoulmonarch.release.xcconfig */ = {isa = PBXFileReference; includeInIndex = 1; lastKnownFileType = text.xcconfig; name = "Pods-switchsoulmonarch.release.xcconfig"; path = "Pods/Target Support Files/Pods-switchsoulmonarch/Pods-switchsoulmonarch.release.xcconfig"; sourceTree = "<group>"; };
		4ACD78C45A0981D9730CD24B /* Pods_switchsoulmonarchTests.framework */ = {isa = PBXFileReference; explicitFileType = wrapper.framework; includeInIndex = 0; path = Pods_switchsoulmonarchTests.framework; sourceTree = BUILT_PRODUCTS_DIR; };
		81DBA7DC735BE2A1DBC86829 /* Pods-switchsoulmonarch.debug.xcconfig */ = {isa = PBXFileReference; includeInIndex = 1; lastKnownFileType = text.xcconfig; name = "Pods-switchsoulmonarch.debug.xcconfig"; path = "Pods/Target Support Files/Pods-switchsoulmonarch/Pods-switchsoulmonarch.debug.xcconfig"; sourceTree = "<group>"; };
		8D459FD9EF2858C09F67C907 /* Pods-switchsoulmonarchTests.release.xcconfig */ = {isa = PBXFileReference; includeInIndex = 1; lastKnownFileType = text.xcconfig; name = "Pods-switchsoulmonarchTests.release.xcconfig"; path = "Pods/Target Support Files/Pods-switchsoulmonarchTests/Pods-switchsoulmonarchTests.release.xcconfig"; sourceTree = "<group>"; };
		ADF8F2CBAA42D1DF185581A3 /* Pods_switchsoulmonarch.framework */ = {isa = PBXFileReference; explicitFileType = wrapper.framework; includeInIndex = 0; path = Pods_switchsoulmonarch.framework; sourceTree = BUILT_PRODUCTS_DIR; };
		AF88FDD0AA3913D04C37A6EF /* Pods-switchsoulmonarchTests.debug.xcconfig */ = {isa = PBXFileReference; includeInIndex = 1; lastKnownFileType = text.xcconfig; name = "Pods-switchsoulmonarchTests.debug.xcconfig"; path = "Pods/Target Support Files/Pods-switchsoulmonarchTests/Pods-switchsoulmonarchTests.debug.xcconfig"; sourceTree = "<group>"; };
		BA1B48F721A6929D0076DF66 /* PreferencesWindowController.xib */ = {isa = PBXFileReference; lastKnownFileType = file.xib; path = PreferencesWindowController.xib; sourceTree = "<group>"; };
		BA34948921CA2AC000C1184D /* SettingApps.swift */ = {isa = PBXFileReference; lastKnownFileType = sourcecode.swift; path = SettingApps.swift; sourceTree = "<group>"; };
		BA4B066C21C754A200AFAE65 /* AppTextField.swift */ = {isa = PBXFileReference; lastKnownFileType = sourcecode.swift; path = AppTextField.swift; sourceTree = "<group>"; };
		BA4B066E21C7898400AFAE65 /* AppSet.swift */ = {isa = PBXFileReference; lastKnownFileType = sourcecode.swift; path = AppSet.swift; sourceTree = "<group>"; };
		D80652F4E55DE9828A3DB7D9 /* Pods-switchsoulmonarchUITests.release.xcconfig */ = {isa = PBXFileReference; includeInIndex = 1; lastKnownFileType = text.xcconfig; name = "Pods-switchsoulmonarchUITests.release.xcconfig"; path = "Pods/Target Support Files/Pods-switchsoulmonarchUITests/Pods-switchsoulmonarchUITests.release.xcconfig"; sourceTree = "<group>"; };
		FCA7323C28A8A8FA53636714 /* Pods_switchsoulmonarchUITests.framework */ = {isa = PBXFileReference; explicitFileType = wrapper.framework; includeInIndex = 0; path = Pods_switchsoulmonarchUITests.framework; sourceTree = BUILT_PRODUCTS_DIR; };
/* End PBXFileReference section */

/* Begin PBXFrameworksBuildPhase section */
		045EDC0221A1B0AF00B6D9A5 /* Frameworks */ = {
			isa = PBXFrameworksBuildPhase;
			buildActionMask = 2147483647;
			files = (
				D6DA2E98D59E1D677B000A68 /* Pods_switchsoulmonarch.framework in Frameworks */,
			);
			runOnlyForDeploymentPostprocessing = 0;
		};
		045EDC1421A1B0B000B6D9A5 /* Frameworks */ = {
			isa = PBXFrameworksBuildPhase;
			buildActionMask = 2147483647;
			files = (
				8B409890F902C73C4B445D28 /* Pods_switchsoulmonarchTests.framework in Frameworks */,
			);
			runOnlyForDeploymentPostprocessing = 0;
		};
		045EDC1F21A1B0B000B6D9A5 /* Frameworks */ = {
			isa = PBXFrameworksBuildPhase;
			buildActionMask = 2147483647;
			files = (
				88C20F7789A3034EB0974052 /* Pods_switchsoulmonarchUITests.framework in Frameworks */,
			);
			runOnlyForDeploymentPostprocessing = 0;
		};
/* End PBXFrameworksBuildPhase section */

/* Begin PBXGroup section */
		045EDBFC21A1B0AF00B6D9A5 = {
			isa = PBXGroup;
			children = (
				045EDC0721A1B0AF00B6D9A5 /* switchsoulmonarch */,
				045EDC1A21A1B0B000B6D9A5 /* switchsoulmonarchTests */,
				045EDC2521A1B0B000B6D9A5 /* switchsoulmonarchUITests */,
				045EDC0621A1B0AF00B6D9A5 /* Products */,
				5A0A7CB9D485130B228E49CD /* Pods */,
				6E802A0FAE4B495028046462 /* Frameworks */,
			);
			sourceTree = "<group>";
		};
		045EDC0621A1B0AF00B6D9A5 /* Products */ = {
			isa = PBXGroup;
			children = (
				045EDC0521A1B0AF00B6D9A5 /* switchsoulmonarch.app */,
				045EDC1721A1B0B000B6D9A5 /* switchsoulmonarchTests.xctest */,
				045EDC2221A1B0B000B6D9A5 /* switchsoulmonarchUITests.xctest */,
			);
			name = Products;
			sourceTree = "<group>";
		};
		045EDC0721A1B0AF00B6D9A5 /* switchsoulmonarch */ = {
			isa = PBXGroup;
			children = (
				045EDC0821A1B0AF00B6D9A5 /* AppDelegate.swift */,
				045EDC3421A1B21C00B6D9A5 /* MenuItemUtil.swift */,
				BA4B066E21C7898400AFAE65 /* AppSet.swift */,
				BA4B066C21C754A200AFAE65 /* AppTextField.swift */,
				BA34948921CA2AC000C1184D /* SettingApps.swift */,
				04C7EF8521A1C4BA004F11F4 /* PreferencesViewController.swift */,
				BA1B48F721A6929D0076DF66 /* PreferencesWindowController.xib */,
				045EDC0C21A1B0B000B6D9A5 /* Assets.xcassets */,
				045EDC0E21A1B0B000B6D9A5 /* Main.storyboard */,
				045EDC1121A1B0B000B6D9A5 /* Info.plist */,
				045EDC1221A1B0B000B6D9A5 /* switchsoulmonarch.entitlements */,
			);
			path = switchsoulmonarch;
			sourceTree = "<group>";
		};
		045EDC1A21A1B0B000B6D9A5 /* switchsoulmonarchTests */ = {
			isa = PBXGroup;
			children = (
				045EDC1B21A1B0B000B6D9A5 /* switchsoulmonarchTests.swift */,
				045EDC1D21A1B0B000B6D9A5 /* Info.plist */,
			);
			path = switchsoulmonarchTests;
			sourceTree = "<group>";
		};
		045EDC2521A1B0B000B6D9A5 /* switchsoulmonarchUITests */ = {
			isa = PBXGroup;
			children = (
				045EDC2621A1B0B000B6D9A5 /* switchsoulmonarchUITests.swift */,
				045EDC2821A1B0B000B6D9A5 /* Info.plist */,
			);
			path = switchsoulmonarchUITests;
			sourceTree = "<group>";
		};
		5A0A7CB9D485130B228E49CD /* Pods */ = {
			isa = PBXGroup;
			children = (
				81DBA7DC735BE2A1DBC86829 /* Pods-switchsoulmonarch.debug.xcconfig */,
				3FDEA819F2C36A4F8B9C84E6 /* Pods-switchsoulmonarch.release.xcconfig */,
				AF88FDD0AA3913D04C37A6EF /* Pods-switchsoulmonarchTests.debug.xcconfig */,
				8D459FD9EF2858C09F67C907 /* Pods-switchsoulmonarchTests.release.xcconfig */,
				14F990C21A3109A92256A6D4 /* Pods-switchsoulmonarchUITests.debug.xcconfig */,
				D80652F4E55DE9828A3DB7D9 /* Pods-switchsoulmonarchUITests.release.xcconfig */,
			);
			name = Pods;
			sourceTree = "<group>";
		};
		6E802A0FAE4B495028046462 /* Frameworks */ = {
			isa = PBXGroup;
			children = (
				ADF8F2CBAA42D1DF185581A3 /* Pods_switchsoulmonarch.framework */,
				4ACD78C45A0981D9730CD24B /* Pods_switchsoulmonarchTests.framework */,
				FCA7323C28A8A8FA53636714 /* Pods_switchsoulmonarchUITests.framework */,
			);
			name = Frameworks;
			sourceTree = "<group>";
		};
/* End PBXGroup section */

/* Begin PBXNativeTarget section */
		045EDC0421A1B0AF00B6D9A5 /* switchsoulmonarch */ = {
			isa = PBXNativeTarget;
			buildConfigurationList = 045EDC2B21A1B0B000B6D9A5 /* Build configuration list for PBXNativeTarget "switchsoulmonarch" */;
			buildPhases = (
				F9019AB0E2E32702A05CF21B /* [CP] Check Pods Manifest.lock */,
				045EDC0121A1B0AF00B6D9A5 /* Sources */,
				045EDC0221A1B0AF00B6D9A5 /* Frameworks */,
				045EDC0321A1B0AF00B6D9A5 /* Resources */,
				13B88D37ABDBAA366419114A /* [CP] Embed Pods Frameworks */,
			);
			buildRules = (
			);
			dependencies = (
			);
			name = switchsoulmonarch;
			productName = switchsoulmonarch;
			productReference = 045EDC0521A1B0AF00B6D9A5 /* switchsoulmonarch.app */;
			productType = "com.apple.product-type.application";
		};
		045EDC1621A1B0B000B6D9A5 /* switchsoulmonarchTests */ = {
			isa = PBXNativeTarget;
			buildConfigurationList = 045EDC2E21A1B0B000B6D9A5 /* Build configuration list for PBXNativeTarget "switchsoulmonarchTests" */;
			buildPhases = (
				681649383654DA5814DCBE5C /* [CP] Check Pods Manifest.lock */,
				045EDC1321A1B0B000B6D9A5 /* Sources */,
				045EDC1421A1B0B000B6D9A5 /* Frameworks */,
				045EDC1521A1B0B000B6D9A5 /* Resources */,
			);
			buildRules = (
			);
			dependencies = (
				045EDC1921A1B0B000B6D9A5 /* PBXTargetDependency */,
			);
			name = switchsoulmonarchTests;
			productName = switchsoulmonarchTests;
			productReference = 045EDC1721A1B0B000B6D9A5 /* switchsoulmonarchTests.xctest */;
			productType = "com.apple.product-type.bundle.unit-test";
		};
		045EDC2121A1B0B000B6D9A5 /* switchsoulmonarchUITests */ = {
			isa = PBXNativeTarget;
			buildConfigurationList = 045EDC3121A1B0B000B6D9A5 /* Build configuration list for PBXNativeTarget "switchsoulmonarchUITests" */;
			buildPhases = (
				22A3D2019FEE32FBA6C02B3A /* [CP] Check Pods Manifest.lock */,
				045EDC1E21A1B0B000B6D9A5 /* Sources */,
				045EDC1F21A1B0B000B6D9A5 /* Frameworks */,
				045EDC2021A1B0B000B6D9A5 /* Resources */,
			);
			buildRules = (
			);
			dependencies = (
				045EDC2421A1B0B000B6D9A5 /* PBXTargetDependency */,
			);
			name = switchsoulmonarchUITests;
			productName = switchsoulmonarchUITests;
			productReference = 045EDC2221A1B0B000B6D9A5 /* switchsoulmonarchUITests.xctest */;
			productType = "com.apple.product-type.bundle.ui-testing";
		};
/* End PBXNativeTarget section */

/* Begin PBXProject section */
		045EDBFD21A1B0AF00B6D9A5 /* Project object */ = {
			isa = PBXProject;
			attributes = {
				LastSwiftUpdateCheck = 1000;
				LastUpgradeCheck = 1000;
				ORGANIZATIONNAME = kyusuke;
				TargetAttributes = {
					045EDC0421A1B0AF00B6D9A5 = {
						CreatedOnToolsVersion = 10.0;
					};
					045EDC1621A1B0B000B6D9A5 = {
						CreatedOnToolsVersion = 10.0;
						TestTargetID = 045EDC0421A1B0AF00B6D9A5;
					};
					045EDC2121A1B0B000B6D9A5 = {
						CreatedOnToolsVersion = 10.0;
						TestTargetID = 045EDC0421A1B0AF00B6D9A5;
					};
				};
			};
			buildConfigurationList = 045EDC0021A1B0AF00B6D9A5 /* Build configuration list for PBXProject "switchsoulmonarch" */;
			compatibilityVersion = "Xcode 9.3";
			developmentRegion = en;
			hasScannedForEncodings = 0;
			knownRegions = (
				en,
				Base,
			);
			mainGroup = 045EDBFC21A1B0AF00B6D9A5;
			productRefGroup = 045EDC0621A1B0AF00B6D9A5 /* Products */;
			projectDirPath = "";
			projectRoot = "";
			targets = (
				045EDC0421A1B0AF00B6D9A5 /* switchsoulmonarch */,
				045EDC1621A1B0B000B6D9A5 /* switchsoulmonarchTests */,
				045EDC2121A1B0B000B6D9A5 /* switchsoulmonarchUITests */,
			);
		};
/* End PBXProject section */

/* Begin PBXResourcesBuildPhase section */
		045EDC0321A1B0AF00B6D9A5 /* Resources */ = {
			isa = PBXResourcesBuildPhase;
			buildActionMask = 2147483647;
			files = (
				BA1B48F921A6929D0076DF66 /* PreferencesWindowController.xib in Resources */,
				045EDC0D21A1B0B000B6D9A5 /* Assets.xcassets in Resources */,
				045EDC1021A1B0B000B6D9A5 /* Main.storyboard in Resources */,
			);
			runOnlyForDeploymentPostprocessing = 0;
		};
		045EDC1521A1B0B000B6D9A5 /* Resources */ = {
			isa = PBXResourcesBuildPhase;
			buildActionMask = 2147483647;
			files = (
			);
			runOnlyForDeploymentPostprocessing = 0;
		};
		045EDC2021A1B0B000B6D9A5 /* Resources */ = {
			isa = PBXResourcesBuildPhase;
			buildActionMask = 2147483647;
			files = (
			);
			runOnlyForDeploymentPostprocessing = 0;
		};
/* End PBXResourcesBuildPhase section */

/* Begin PBXShellScriptBuildPhase section */
		13B88D37ABDBAA366419114A /* [CP] Embed Pods Frameworks */ = {
			isa = PBXShellScriptBuildPhase;
			buildActionMask = 2147483647;
			files = (
			);
			inputFileListPaths = (
			);
			inputPaths = (
				"${PODS_ROOT}/Target Support Files/Pods-switchsoulmonarch/Pods-switchsoulmonarch-frameworks.sh",
				"${BUILT_PRODUCTS_DIR}/KeyHolder/KeyHolder.framework",
				"${BUILT_PRODUCTS_DIR}/Magnet/Magnet.framework",
			);
			name = "[CP] Embed Pods Frameworks";
			outputFileListPaths = (
			);
			outputPaths = (
				"${TARGET_BUILD_DIR}/${FRAMEWORKS_FOLDER_PATH}/KeyHolder.framework",
				"${TARGET_BUILD_DIR}/${FRAMEWORKS_FOLDER_PATH}/Magnet.framework",
			);
			runOnlyForDeploymentPostprocessing = 0;
			shellPath = /bin/sh;
			shellScript = "\"${PODS_ROOT}/Target Support Files/Pods-switchsoulmonarch/Pods-switchsoulmonarch-frameworks.sh\"\n";
			showEnvVarsInLog = 0;
		};
		22A3D2019FEE32FBA6C02B3A /* [CP] Check Pods Manifest.lock */ = {
			isa = PBXShellScriptBuildPhase;
			buildActionMask = 2147483647;
			files = (
			);
			inputPaths = (
				"${PODS_PODFILE_DIR_PATH}/Podfile.lock",
				"${PODS_ROOT}/Manifest.lock",
			);
			name = "[CP] Check Pods Manifest.lock";
			outputPaths = (
				"$(DERIVED_FILE_DIR)/Pods-switchsoulmonarchUITests-checkManifestLockResult.txt",
			);
			runOnlyForDeploymentPostprocessing = 0;
			shellPath = /bin/sh;
			shellScript = "diff \"${PODS_PODFILE_DIR_PATH}/Podfile.lock\" \"${PODS_ROOT}/Manifest.lock\" > /dev/null\nif [ $? != 0 ] ; then\n    # print error to STDERR\n    echo \"error: The sandbox is not in sync with the Podfile.lock. Run 'pod install' or update your CocoaPods installation.\" >&2\n    exit 1\nfi\n# This output is used by Xcode 'outputs' to avoid re-running this script phase.\necho \"SUCCESS\" > \"${SCRIPT_OUTPUT_FILE_0}\"\n";
			showEnvVarsInLog = 0;
		};
		681649383654DA5814DCBE5C /* [CP] Check Pods Manifest.lock */ = {
			isa = PBXShellScriptBuildPhase;
			buildActionMask = 2147483647;
			files = (
			);
			inputPaths = (
				"${PODS_PODFILE_DIR_PATH}/Podfile.lock",
				"${PODS_ROOT}/Manifest.lock",
			);
			name = "[CP] Check Pods Manifest.lock";
			outputPaths = (
				"$(DERIVED_FILE_DIR)/Pods-switchsoulmonarchTests-checkManifestLockResult.txt",
			);
			runOnlyForDeploymentPostprocessing = 0;
			shellPath = /bin/sh;
			shellScript = "diff \"${PODS_PODFILE_DIR_PATH}/Podfile.lock\" \"${PODS_ROOT}/Manifest.lock\" > /dev/null\nif [ $? != 0 ] ; then\n    # print error to STDERR\n    echo \"error: The sandbox is not in sync with the Podfile.lock. Run 'pod install' or update your CocoaPods installation.\" >&2\n    exit 1\nfi\n# This output is used by Xcode 'outputs' to avoid re-running this script phase.\necho \"SUCCESS\" > \"${SCRIPT_OUTPUT_FILE_0}\"\n";
			showEnvVarsInLog = 0;
		};
		F9019AB0E2E32702A05CF21B /* [CP] Check Pods Manifest.lock */ = {
			isa = PBXShellScriptBuildPhase;
			buildActionMask = 2147483647;
			files = (
			);
			inputPaths = (
				"${PODS_PODFILE_DIR_PATH}/Podfile.lock",
				"${PODS_ROOT}/Manifest.lock",
			);
			name = "[CP] Check Pods Manifest.lock";
			outputPaths = (
				"$(DERIVED_FILE_DIR)/Pods-switchsoulmonarch-checkManifestLockResult.txt",
			);
			runOnlyForDeploymentPostprocessing = 0;
			shellPath = /bin/sh;
			shellScript = "diff \"${PODS_PODFILE_DIR_PATH}/Podfile.lock\" \"${PODS_ROOT}/Manifest.lock\" > /dev/null\nif [ $? != 0 ] ; then\n    # print error to STDERR\n    echo \"error: The sandbox is not in sync with the Podfile.lock. Run 'pod install' or update your CocoaPods installation.\" >&2\n    exit 1\nfi\n# This output is used by Xcode 'outputs' to avoid re-running this script phase.\necho \"SUCCESS\" > \"${SCRIPT_OUTPUT_FILE_0}\"\n";
			showEnvVarsInLog = 0;
		};
/* End PBXShellScriptBuildPhase section */

/* Begin PBXSourcesBuildPhase section */
		045EDC0121A1B0AF00B6D9A5 /* Sources */ = {
			isa = PBXSourcesBuildPhase;
			buildActionMask = 2147483647;
			files = (
				045EDC3521A1B21C00B6D9A5 /* MenuItemUtil.swift in Sources */,
				BA4B066F21C7898400AFAE65 /* AppSet.swift in Sources */,
				BA34948A21CA2AC000C1184D /* SettingApps.swift in Sources */,
				045EDC0921A1B0AF00B6D9A5 /* AppDelegate.swift in Sources */,
				04C7EF8621A1C4BA004F11F4 /* PreferencesViewController.swift in Sources */,
				BA4B066D21C754A200AFAE65 /* AppTextField.swift in Sources */,
			);
			runOnlyForDeploymentPostprocessing = 0;
		};
		045EDC1321A1B0B000B6D9A5 /* Sources */ = {
			isa = PBXSourcesBuildPhase;
			buildActionMask = 2147483647;
			files = (
				045EDC1C21A1B0B000B6D9A5 /* switchsoulmonarchTests.swift in Sources */,
			);
			runOnlyForDeploymentPostprocessing = 0;
		};
		045EDC1E21A1B0B000B6D9A5 /* Sources */ = {
			isa = PBXSourcesBuildPhase;
			buildActionMask = 2147483647;
			files = (
				045EDC2721A1B0B000B6D9A5 /* switchsoulmonarchUITests.swift in Sources */,
			);
			runOnlyForDeploymentPostprocessing = 0;
		};
/* End PBXSourcesBuildPhase section */

/* Begin PBXTargetDependency section */
		045EDC1921A1B0B000B6D9A5 /* PBXTargetDependency */ = {
			isa = PBXTargetDependency;
			target = 045EDC0421A1B0AF00B6D9A5 /* switchsoulmonarch */;
			targetProxy = 045EDC1821A1B0B000B6D9A5 /* PBXContainerItemProxy */;
		};
		045EDC2421A1B0B000B6D9A5 /* PBXTargetDependency */ = {
			isa = PBXTargetDependency;
			target = 045EDC0421A1B0AF00B6D9A5 /* switchsoulmonarch */;
			targetProxy = 045EDC2321A1B0B000B6D9A5 /* PBXContainerItemProxy */;
		};
/* End PBXTargetDependency section */

/* Begin PBXVariantGroup section */
		045EDC0E21A1B0B000B6D9A5 /* Main.storyboard */ = {
			isa = PBXVariantGroup;
			children = (
				045EDC0F21A1B0B000B6D9A5 /* Base */,
			);
			name = Main.storyboard;
			sourceTree = "<group>";
		};
/* End PBXVariantGroup section */

/* Begin XCBuildConfiguration section */
		045EDC2921A1B0B000B6D9A5 /* Debug */ = {
			isa = XCBuildConfiguration;
			buildSettings = {
				ALWAYS_SEARCH_USER_PATHS = NO;
				CLANG_ANALYZER_NONNULL = YES;
				CLANG_ANALYZER_NUMBER_OBJECT_CONVERSION = YES_AGGRESSIVE;
				CLANG_CXX_LANGUAGE_STANDARD = "gnu++14";
				CLANG_CXX_LIBRARY = "libc++";
				CLANG_ENABLE_MODULES = YES;
				CLANG_ENABLE_OBJC_ARC = YES;
				CLANG_ENABLE_OBJC_WEAK = YES;
				CLANG_WARN_BLOCK_CAPTURE_AUTORELEASING = YES;
				CLANG_WARN_BOOL_CONVERSION = YES;
				CLANG_WARN_COMMA = YES;
				CLANG_WARN_CONSTANT_CONVERSION = YES;
				CLANG_WARN_DEPRECATED_OBJC_IMPLEMENTATIONS = YES;
				CLANG_WARN_DIRECT_OBJC_ISA_USAGE = YES_ERROR;
				CLANG_WARN_DOCUMENTATION_COMMENTS = YES;
				CLANG_WARN_EMPTY_BODY = YES;
				CLANG_WARN_ENUM_CONVERSION = YES;
				CLANG_WARN_INFINITE_RECURSION = YES;
				CLANG_WARN_INT_CONVERSION = YES;
				CLANG_WARN_NON_LITERAL_NULL_CONVERSION = YES;
				CLANG_WARN_OBJC_IMPLICIT_RETAIN_SELF = YES;
				CLANG_WARN_OBJC_LITERAL_CONVERSION = YES;
				CLANG_WARN_OBJC_ROOT_CLASS = YES_ERROR;
				CLANG_WARN_RANGE_LOOP_ANALYSIS = YES;
				CLANG_WARN_STRICT_PROTOTYPES = YES;
				CLANG_WARN_SUSPICIOUS_MOVE = YES;
				CLANG_WARN_UNGUARDED_AVAILABILITY = YES_AGGRESSIVE;
				CLANG_WARN_UNREACHABLE_CODE = YES;
				CLANG_WARN__DUPLICATE_METHOD_MATCH = YES;
				CODE_SIGN_IDENTITY = "Mac Developer";
				COPY_PHASE_STRIP = NO;
				DEBUG_INFORMATION_FORMAT = dwarf;
				ENABLE_STRICT_OBJC_MSGSEND = YES;
				ENABLE_TESTABILITY = YES;
				GCC_C_LANGUAGE_STANDARD = gnu11;
				GCC_DYNAMIC_NO_PIC = NO;
				GCC_NO_COMMON_BLOCKS = YES;
				GCC_OPTIMIZATION_LEVEL = 0;
				GCC_PREPROCESSOR_DEFINITIONS = (
					"DEBUG=1",
					"$(inherited)",
				);
				GCC_WARN_64_TO_32_BIT_CONVERSION = YES;
				GCC_WARN_ABOUT_RETURN_TYPE = YES_ERROR;
				GCC_WARN_UNDECLARED_SELECTOR = YES;
				GCC_WARN_UNINITIALIZED_AUTOS = YES_AGGRESSIVE;
				GCC_WARN_UNUSED_FUNCTION = YES;
				GCC_WARN_UNUSED_VARIABLE = YES;
				MACOSX_DEPLOYMENT_TARGET = 10.14;
				MTL_ENABLE_DEBUG_INFO = INCLUDE_SOURCE;
				MTL_FAST_MATH = YES;
				ONLY_ACTIVE_ARCH = YES;
				SDKROOT = macosx;
				SWIFT_ACTIVE_COMPILATION_CONDITIONS = DEBUG;
				SWIFT_OPTIMIZATION_LEVEL = "-Onone";
			};
			name = Debug;
		};
		045EDC2A21A1B0B000B6D9A5 /* Release */ = {
			isa = XCBuildConfiguration;
			buildSettings = {
				ALWAYS_SEARCH_USER_PATHS = NO;
				CLANG_ANALYZER_NONNULL = YES;
				CLANG_ANALYZER_NUMBER_OBJECT_CONVERSION = YES_AGGRESSIVE;
				CLANG_CXX_LANGUAGE_STANDARD = "gnu++14";
				CLANG_CXX_LIBRARY = "libc++";
				CLANG_ENABLE_MODULES = YES;
				CLANG_ENABLE_OBJC_ARC = YES;
				CLANG_ENABLE_OBJC_WEAK = YES;
				CLANG_WARN_BLOCK_CAPTURE_AUTORELEASING = YES;
				CLANG_WARN_BOOL_CONVERSION = YES;
				CLANG_WARN_COMMA = YES;
				CLANG_WARN_CONSTANT_CONVERSION = YES;
				CLANG_WARN_DEPRECATED_OBJC_IMPLEMENTATIONS = YES;
				CLANG_WARN_DIRECT_OBJC_ISA_USAGE = YES_ERROR;
				CLANG_WARN_DOCUMENTATION_COMMENTS = YES;
				CLANG_WARN_EMPTY_BODY = YES;
				CLANG_WARN_ENUM_CONVERSION = YES;
				CLANG_WARN_INFINITE_RECURSION = YES;
				CLANG_WARN_INT_CONVERSION = YES;
				CLANG_WARN_NON_LITERAL_NULL_CONVERSION = YES;
				CLANG_WARN_OBJC_IMPLICIT_RETAIN_SELF = YES;
				CLANG_WARN_OBJC_LITERAL_CONVERSION = YES;
				CLANG_WARN_OBJC_ROOT_CLASS = YES_ERROR;
				CLANG_WARN_RANGE_LOOP_ANALYSIS = YES;
				CLANG_WARN_STRICT_PROTOTYPES = YES;
				CLANG_WARN_SUSPICIOUS_MOVE = YES;
				CLANG_WARN_UNGUARDED_AVAILABILITY = YES_AGGRESSIVE;
				CLANG_WARN_UNREACHABLE_CODE = YES;
				CLANG_WARN__DUPLICATE_METHOD_MATCH = YES;
				CODE_SIGN_IDENTITY = "Mac Developer";
				COPY_PHASE_STRIP = NO;
				DEBUG_INFORMATION_FORMAT = "dwarf-with-dsym";
				ENABLE_NS_ASSERTIONS = NO;
				ENABLE_STRICT_OBJC_MSGSEND = YES;
				GCC_C_LANGUAGE_STANDARD = gnu11;
				GCC_NO_COMMON_BLOCKS = YES;
				GCC_WARN_64_TO_32_BIT_CONVERSION = YES;
				GCC_WARN_ABOUT_RETURN_TYPE = YES_ERROR;
				GCC_WARN_UNDECLARED_SELECTOR = YES;
				GCC_WARN_UNINITIALIZED_AUTOS = YES_AGGRESSIVE;
				GCC_WARN_UNUSED_FUNCTION = YES;
				GCC_WARN_UNUSED_VARIABLE = YES;
				MACOSX_DEPLOYMENT_TARGET = 10.14;
				MTL_ENABLE_DEBUG_INFO = NO;
				MTL_FAST_MATH = YES;
				SDKROOT = macosx;
				SWIFT_COMPILATION_MODE = wholemodule;
				SWIFT_OPTIMIZATION_LEVEL = "-O";
			};
			name = Release;
		};
		045EDC2C21A1B0B000B6D9A5 /* Debug */ = {
			isa = XCBuildConfiguration;
			baseConfigurationReference = 81DBA7DC735BE2A1DBC86829 /* Pods-switchsoulmonarch.debug.xcconfig */;
			buildSettings = {
				ASSETCATALOG_COMPILER_APPICON_NAME = AppIcon;
				CODE_SIGN_ENTITLEMENTS = switchsoulmonarch/switchsoulmonarch.entitlements;
				CODE_SIGN_STYLE = Automatic;
				COMBINE_HIDPI_IMAGES = YES;
				DEVELOPMENT_TEAM = UWUHZJABZN;
				INFOPLIST_FILE = switchsoulmonarch/Info.plist;
				LD_RUNPATH_SEARCH_PATHS = (
					"$(inherited)",
					"@executable_path/../Frameworks",
				);
				PRODUCT_BUNDLE_IDENTIFIER = kyusuke.switchsoulmonarch;
				PRODUCT_NAME = "$(TARGET_NAME)";
				SWIFT_VERSION = 4.2;
			};
			name = Debug;
		};
		045EDC2D21A1B0B000B6D9A5 /* Release */ = {
			isa = XCBuildConfiguration;
			baseConfigurationReference = 3FDEA819F2C36A4F8B9C84E6 /* Pods-switchsoulmonarch.release.xcconfig */;
			buildSettings = {
				ASSETCATALOG_COMPILER_APPICON_NAME = AppIcon;
				CODE_SIGN_ENTITLEMENTS = switchsoulmonarch/switchsoulmonarch.entitlements;
				CODE_SIGN_STYLE = Automatic;
				COMBINE_HIDPI_IMAGES = YES;
				DEVELOPMENT_TEAM = UWUHZJABZN;
				INFOPLIST_FILE = switchsoulmonarch/Info.plist;
				LD_RUNPATH_SEARCH_PATHS = (
					"$(inherited)",
					"@executable_path/../Frameworks",
				);
				PRODUCT_BUNDLE_IDENTIFIER = kyusuke.switchsoulmonarch;
				PRODUCT_NAME = "$(TARGET_NAME)";
				SWIFT_VERSION = 4.2;
			};
			name = Release;
		};
		045EDC2F21A1B0B000B6D9A5 /* Debug */ = {
			isa = XCBuildConfiguration;
			baseConfigurationReference = AF88FDD0AA3913D04C37A6EF /* Pods-switchsoulmonarchTests.debug.xcconfig */;
			buildSettings = {
				ALWAYS_EMBED_SWIFT_STANDARD_LIBRARIES = YES;
				BUNDLE_LOADER = "$(TEST_HOST)";
				CODE_SIGN_STYLE = Automatic;
				COMBINE_HIDPI_IMAGES = YES;
				DEVELOPMENT_TEAM = UWUHZJABZN;
				INFOPLIST_FILE = switchsoulmonarchTests/Info.plist;
				LD_RUNPATH_SEARCH_PATHS = (
					"$(inherited)",
					"@executable_path/../Frameworks",
					"@loader_path/../Frameworks",
				);
				PRODUCT_BUNDLE_IDENTIFIER = kyusuke.switchsoulmonarchTests;
				PRODUCT_NAME = "$(TARGET_NAME)";
				SWIFT_VERSION = 4.2;
				TEST_HOST = "$(BUILT_PRODUCTS_DIR)/switchsoulmonarch.app/Contents/MacOS/switchsoulmonarch";
			};
			name = Debug;
		};
		045EDC3021A1B0B000B6D9A5 /* Release */ = {
			isa = XCBuildConfiguration;
			baseConfigurationReference = 8D459FD9EF2858C09F67C907 /* Pods-switchsoulmonarchTests.release.xcconfig */;
			buildSettings = {
				ALWAYS_EMBED_SWIFT_STANDARD_LIBRARIES = YES;
				BUNDLE_LOADER = "$(TEST_HOST)";
				CODE_SIGN_STYLE = Automatic;
				COMBINE_HIDPI_IMAGES = YES;
				DEVELOPMENT_TEAM = UWUHZJABZN;
				INFOPLIST_FILE = switchsoulmonarchTests/Info.plist;
				LD_RUNPATH_SEARCH_PATHS = (
					"$(inherited)",
					"@executable_path/../Frameworks",
					"@loader_path/../Frameworks",
				);
				PRODUCT_BUNDLE_IDENTIFIER = kyusuke.switchsoulmonarchTests;
				PRODUCT_NAME = "$(TARGET_NAME)";
				SWIFT_VERSION = 4.2;
				TEST_HOST = "$(BUILT_PRODUCTS_DIR)/switchsoulmonarch.app/Contents/MacOS/switchsoulmonarch";
			};
			name = Release;
		};
		045EDC3221A1B0B000B6D9A5 /* Debug */ = {
			isa = XCBuildConfiguration;
			baseConfigurationReference = 14F990C21A3109A92256A6D4 /* Pods-switchsoulmonarchUITests.debug.xcconfig */;
			buildSettings = {
				ALWAYS_EMBED_SWIFT_STANDARD_LIBRARIES = YES;
				CODE_SIGN_STYLE = Automatic;
				COMBINE_HIDPI_IMAGES = YES;
				DEVELOPMENT_TEAM = UWUHZJABZN;
				INFOPLIST_FILE = switchsoulmonarchUITests/Info.plist;
				LD_RUNPATH_SEARCH_PATHS = (
					"$(inherited)",
					"@executable_path/../Frameworks",
					"@loader_path/../Frameworks",
				);
				PRODUCT_BUNDLE_IDENTIFIER = kyusuke.switchsoulmonarchUITests;
				PRODUCT_NAME = "$(TARGET_NAME)";
				SWIFT_VERSION = 4.2;
				TEST_TARGET_NAME = switchsoulmonarch;
			};
			name = Debug;
		};
		045EDC3321A1B0B000B6D9A5 /* Release */ = {
			isa = XCBuildConfiguration;
			baseConfigurationReference = D80652F4E55DE9828A3DB7D9 /* Pods-switchsoulmonarchUITests.release.xcconfig */;
			buildSettings = {
				ALWAYS_EMBED_SWIFT_STANDARD_LIBRARIES = YES;
				CODE_SIGN_STYLE = Automatic;
				COMBINE_HIDPI_IMAGES = YES;
				DEVELOPMENT_TEAM = UWUHZJABZN;
				INFOPLIST_FILE = switchsoulmonarchUITests/Info.plist;
				LD_RUNPATH_SEARCH_PATHS = (
					"$(inherited)",
					"@executable_path/../Frameworks",
					"@loader_path/../Frameworks",
				);
				PRODUCT_BUNDLE_IDENTIFIER = kyusuke.switchsoulmonarchUITests;
				PRODUCT_NAME = "$(TARGET_NAME)";
				SWIFT_VERSION = 4.2;
				TEST_TARGET_NAME = switchsoulmonarch;
			};
			name = Release;
		};
/* End XCBuildConfiguration section */

/* Begin XCConfigurationList section */
		045EDC0021A1B0AF00B6D9A5 /* Build configuration list for PBXProject "switchsoulmonarch" */ = {
			isa = XCConfigurationList;
			buildConfigurations = (
				045EDC2921A1B0B000B6D9A5 /* Debug */,
				045EDC2A21A1B0B000B6D9A5 /* Release */,
			);
			defaultConfigurationIsVisible = 0;
			defaultConfigurationName = Release;
		};
		045EDC2B21A1B0B000B6D9A5 /* Build configuration list for PBXNativeTarget "switchsoulmonarch" */ = {
			isa = XCConfigurationList;
			buildConfigurations = (
				045EDC2C21A1B0B000B6D9A5 /* Debug */,
				045EDC2D21A1B0B000B6D9A5 /* Release */,
			);
			defaultConfigurationIsVisible = 0;
			defaultConfigurationName = Release;
		};
		045EDC2E21A1B0B000B6D9A5 /* Build configuration list for PBXNativeTarget "switchsoulmonarchTests" */ = {
			isa = XCConfigurationList;
			buildConfigurations = (
				045EDC2F21A1B0B000B6D9A5 /* Debug */,
				045EDC3021A1B0B000B6D9A5 /* Release */,
			);
			defaultConfigurationIsVisible = 0;
			defaultConfigurationName = Release;
		};
		045EDC3121A1B0B000B6D9A5 /* Build configuration list for PBXNativeTarget "switchsoulmonarchUITests" */ = {
			isa = XCConfigurationList;
			buildConfigurations = (
				045EDC3221A1B0B000B6D9A5 /* Debug */,
				045EDC3321A1B0B000B6D9A5 /* Release */,
			);
			defaultConfigurationIsVisible = 0;
			defaultConfigurationName = Release;
		};
/* End XCConfigurationList section */
	};
	rootObject = 045EDBFD21A1B0AF00B6D9A5 /* Project object */;
}
